
Microsoft Visual Studio Solution File, Format Version 12.00
# Visual Studio Version 17
VisualStudioVersion = 17.7.34031.279
MinimumVisualStudioVersion = 10.0.40219.1
Project("{9A19103F-16F7-4668-BE54-9A1E7A4F7556}") = "MysteryMenu", "MysteryMenu.csproj", "{EDAD99B2-427C-4199-A564-9587AFD870E7}"
EndProject
Global
	GlobalSection(SolutionConfigurationPlatforms) = preSolution
		Debug|Any CPU = Debug|Any CPU
		Release|Any CPU = Release|Any CPU
	EndGlobalSection
	GlobalSection(ProjectConfigurationPlatforms) = postSolution
		{EDAD99B2-427C-4199-A564-9587AFD870E7}.Debug|Any CPU.ActiveCfg = Debug|Any CPU
		{EDAD99B2-427C-4199-A564-9587AFD870E7}.Debug|Any CPU.Build.0 = Debug|Any CPU
		{EDAD99B2-427C-4199-A564-9587AFD870E7}.Release|Any CPU.ActiveCfg = Release|Any CPU
		{EDAD99B2-427C-4199-A564-9587AFD870E7}.Release|Any CPU.Build.0 = Release|Any CPU
	EndGlobalSection
	GlobalSection(SolutionProperties) = preSolution
		HideSolutionNode = FALSE
	EndGlobalSection
	GlobalSection(ExtensibilityGlobals) = postSolution
		SolutionGuid = {9E16F4FE-2C9C-446C-AEDB-4299E3F2EC97}
	EndGlobalSection
EndGlobal
